
Microsoft Visual Studio Solution File, Format Version 12.00
# Visual Studio Version 17
VisualStudioVersion = 17.2.32630.192
MinimumVisualStudioVersion = 10.0.40219.1
Project("{FAE04EC0-301F-11D3-BF4B-00C04F79EFBC}") = "2022_10_06_1.3.4", "2022_10_06_1.3.4\2022_10_06_1.3.4.csproj", "{6E843B08-EFF5-444E-8B24-130E64AC8C41}"
EndProject
Global
	GlobalSection(SolutionConfigurationPlatforms) = preSolution
		Debug|Any CPU = Debug|Any CPU
		Release|Any CPU = Release|Any CPU
	EndGlobalSection
	GlobalSection(ProjectConfigurationPlatforms) = postSolution
		{6E843B08-EFF5-444E-8B24-130E64AC8C41}.Debug|Any CPU.ActiveCfg = Debug|Any CPU
		{6E843B08-EFF5-444E-8B24-130E64AC8C41}.Debug|Any CPU.Build.0 = Debug|Any CPU
		{6E843B08-EFF5-444E-8B24-130E64AC8C41}.Release|Any CPU.ActiveCfg = Release|Any CPU
		{6E843B08-EFF5-444E-8B24-130E64AC8C41}.Release|Any CPU.Build.0 = Release|Any CPU
	EndGlobalSection
	GlobalSection(SolutionProperties) = preSolution
		HideSolutionNode = FALSE
	EndGlobalSection
	GlobalSection(ExtensibilityGlobals) = postSolution
		SolutionGuid = {7A316C28-CFFE-4C4B-8DE7-BC808E0CEC3E}
	EndGlobalSection
EndGlobal
